// !$*UTF8*$!
{
	archiveVersion = 1;
	classes = {
	};
	objectVersion = 46;
	objects = {

/* Begin PBXBuildFile section */
		188B056C1B4666E300B10426 /* main.m in Sources */ = {isa = PBXBuildFile; fileRef = 188B056B1B4666E300B10426 /* main.m */; };
		188B056F1B4666E300B10426 /* AppDelegate.m in Sources */ = {isa = PBXBuildFile; fileRef = 188B056E1B4666E300B10426 /* AppDelegate.m */; };
		188B05721B4666E300B10426 /* ViewController.m in Sources */ = {isa = PBXBuildFile; fileRef = 188B05711B4666E300B10426 /* ViewController.m */; };
		188B05751B4666E300B10426 /* Main.storyboard in Resources */ = {isa = PBXBuildFile; fileRef = 188B05731B4666E300B10426 /* Main.storyboard */; };
		188B05771B4666E300B10426 /* Images.xcassets in Resources */ = {isa = PBXBuildFile; fileRef = 188B05761B4666E300B10426 /* Images.xcassets */; };
		188B057A1B4666E300B10426 /* LaunchScreen.xib in Resources */ = {isa = PBXBuildFile; fileRef = 188B05781B4666E300B10426 /* LaunchScreen.xib */; };
		188B05861B4666E300B10426 /* QuadAnimationDemoTests.m in Sources */ = {isa = PBXBuildFile; fileRef = 188B05851B4666E300B10426 /* QuadAnimationDemoTests.m */; };
/* End PBXBuildFile section */

/* Begin PBXContainerItemProxy section */
		188B05801B4666E300B10426 /* PBXContainerItemProxy */ = {
			isa = PBXContainerItemProxy;
			containerPortal = 188B055E1B4666E300B10426 /* Project object */;
			proxyType = 1;
			remoteGlobalIDString = 188B05651B4666E300B10426;
			remoteInfo = QuadAnimationDemo;
		};
/* End PBXContainerItemProxy section */

/* Begin PBXFileReference section */
		188B05661B4666E300B10426 /* QuadAnimationDemo.app */ = {isa = PBXFileReference; explicitFileType = wrapper.application; includeInIndex = 0; path = QuadAnimationDemo.app; sourceTree = BUILT_PRODUCTS_DIR; };
		188B056A1B4666E300B10426 /* Info.plist */ = {isa = PBXFileReference; lastKnownFileType = text.plist.xml; path = Info.plist; sourceTree = "<group>"; };
		188B056B1B4666E300B10426 /* main.m */ = {isa = PBXFileReference; lastKnownFileType = sourcecode.c.objc; path = main.m; sourceTree = "<group>"; };
		188B056D1B4666E300B10426 /* AppDelegate.h */ = {isa = PBXFileReference; lastKnownFileType = sourcecode.c.h; path = AppDelegate.h; sourceTree = "<group>"; };
		188B056E1B4666E300B10426 /* AppDelegate.m */ = {isa = PBXFileReference; lastKnownFileType = sourcecode.c.objc; path = AppDelegate.m; sourceTree = "<group>"; };
		188B05701B4666E300B10426 /* ViewController.h */ = {isa = PBXFileReference; lastKnownFileType = sourcecode.c.h; path = ViewController.h; sourceTree = "<group>"; };
		188B05711B4666E300B10426 /* ViewController.m */ = {isa = PBXFileReference; lastKnownFileType = sourcecode.c.objc; path = ViewController.m; sourceTree = "<group>"; };
		188B05741B4666E300B10426 /* Base */ = {isa = PBXFileReference; lastKnownFileType = file.storyboard; name = Base; path = Base.lproj/Main.storyboard; sourceTree = "<group>"; };
		188B05761B4666E300B10426 /* Images.xcassets */ = {isa = PBXFileReference; lastKnownFileType = folder.assetcatalog; path = Images.xcassets; sourceTree = "<group>"; };
		188B05791B4666E300B10426 /* Base */ = {isa = PBXFileReference; lastKnownFileType = file.xib; name = Base; path = Base.lproj/LaunchScreen.xib; sourceTree = "<group>"; };
		188B057F1B4666E300B10426 /* QuadAnimationDemoTests.xctest */ = {isa = PBXFileReference; explicitFileType = wrapper.cfbundle; includeInIndex = 0; path = QuadAnimationDemoTests.xctest; sourceTree = BUILT_PRODUCTS_DIR; };
		188B05841B4666E300B10426 /* Info.plist */ = {isa = PBXFileReference; lastKnownFileType = text.plist.xml; path = Info.plist; sourceTree = "<group>"; };
		188B05851B4666E300B10426 /* QuadAnimationDemoTests.m */ = {isa = PBXFileReference; lastKnownFileType = sourcecode.c.objc; path = QuadAnimationDemoTests.m; sourceTree = "<group>"; };
/* End PBXFileReference section */

/* Begin PBXFrameworksBuildPhase section */
		188B05631B4666E300B10426 /* Frameworks */ = {
			isa = PBXFrameworksBuildPhase;
			buildActionMask = 2147483647;
			files = (
			);
			runOnlyForDeploymentPostprocessing = 0;
		};
		188B057C1B4666E300B10426 /* Frameworks */ = {
			isa = PBXFrameworksBuildPhase;
			buildActionMask = 2147483647;
			files = (
			);
			runOnlyForDeploymentPostprocessing = 0;
		};
/* End PBXFrameworksBuildPhase section */

/* Begin PBXGroup section */
		188B055D1B4666E300B10426 = {
			isa = PBXGroup;
			children = (
				188B05681B4666E300B10426 /* QuadAnimationDemo */,
				188B05821B4666E300B10426 /* QuadAnimationDemoTests */,
				188B05671B4666E300B10426 /* Products */,
			);
			sourceTree = "<group>";
		};
		188B05671B4666E300B10426 /* Products */ = {
			isa = PBXGroup;
			children = (
				188B05661B4666E300B10426 /* QuadAnimationDemo.app */,
				188B057F1B4666E300B10426 /* QuadAnimationDemoTests.xctest */,
			);
			name = Products;
			sourceTree = "<group>";
		};
		188B05681B4666E300B10426 /* QuadAnimationDemo */ = {
			isa = PBXGroup;
			children = (
				188B056D1B4666E300B10426 /* AppDelegate.h */,
				188B056E1B4666E300B10426 /* AppDelegate.m */,
				188B05701B4666E300B10426 /* ViewController.h */,
				188B05711B4666E300B10426 /* ViewController.m */,
				188B05731B4666E300B10426 /* Main.storyboard */,
				188B05761B4666E300B10426 /* Images.xcassets */,
				188B05781B4666E300B10426 /* LaunchScreen.xib */,
				188B05691B4666E300B10426 /* Supporting Files */,
			);
			path = QuadAnimationDemo;
			sourceTree = "<group>";
		};
		188B05691B4666E300B10426 /* Supporting Files */ = {
			isa = PBXGroup;
			children = (
				188B056A1B4666E300B10426 /* Info.plist */,
				188B056B1B4666E300B10426 /* main.m */,
			);
			name = "Supporting Files";
			sourceTree = "<group>";
		};
		188B05821B4666E300B10426 /* QuadAnimationDemoTests */ = {
			isa = PBXGroup;
			children = (
				188B05851B4666E300B10426 /* QuadAnimationDemoTests.m */,
				188B05831B4666E300B10426 /* Supporting Files */,
			);
			path = QuadAnimationDemoTests;
			sourceTree = "<group>";
		};
		188B05831B4666E300B10426 /* Supporting Files */ = {
			isa = PBXGroup;
			children = (
				188B05841B4666E300B10426 /* Info.plist */,
			);
			name = "Supporting Files";
			sourceTree = "<group>";
		};
/* End PBXGroup section */

/* Begin PBXNativeTarget section */
		188B05651B4666E300B10426 /* QuadAnimationDemo */ = {
			isa = PBXNativeTarget;
			buildConfigurationList = 188B05891B4666E300B10426 /* Build configuration list for PBXNativeTarget "QuadAnimationDemo" */;
			buildPhases = (
				188B05621B4666E300B10426 /* Sources */,
				188B05631B4666E300B10426 /* Frameworks */,
				188B05641B4666E300B10426 /* Resources */,
			);
			buildRules = (
			);
			dependencies = (
			);
			name = QuadAnimationDemo;
			productName = QuadAnimationDemo;
			productReference = 188B05661B4666E300B10426 /* QuadAnimationDemo.app */;
			productType = "com.apple.product-type.application";
		};
		188B057E1B4666E300B10426 /* QuadAnimationDemoTests */ = {
			isa = PBXNativeTarget;
			buildConfigurationList = 188B058C1B4666E300B10426 /* Build configuration list for PBXNativeTarget "QuadAnimationDemoTests" */;
			buildPhases = (
				188B057B1B4666E300B10426 /* Sources */,
				188B057C1B4666E300B10426 /* Frameworks */,
				188B057D1B4666E300B10426 /* Resources */,
			);
			buildRules = (
			);
			dependencies = (
				188B05811B4666E300B10426 /* PBXTargetDependency */,
			);
			name = QuadAnimationDemoTests;
			productName = QuadAnimationDemoTests;
			productReference = 188B057F1B4666E300B10426 /* QuadAnimationDemoTests.xctest */;
			productType = "com.apple.product-type.bundle.unit-test";
		};
/* End PBXNativeTarget section */

/* Begin PBXProject section */
		188B055E1B4666E300B10426 /* Project object */ = {
			isa = PBXProject;
			attributes = {
				LastUpgradeCheck = 0630;
				ORGANIZATIONNAME = billwang1990.github.io;
				TargetAttributes = {
					188B05651B4666E300B10426 = {
						CreatedOnToolsVersion = 6.3.2;
					};
					188B057E1B4666E300B10426 = {
						CreatedOnToolsVersion = 6.3.2;
						TestTargetID = 188B05651B4666E300B10426;
					};
				};
			};
			buildConfigurationList = 188B05611B4666E300B10426 /* Build configuration list for PBXProject "QuadAnimationDemo" */;
			compatibilityVersion = "Xcode 3.2";
			developmentRegion = English;
			hasScannedForEncodings = 0;
			knownRegions = (
				en,
				Base,
			);
			mainGroup = 188B055D1B4666E300B10426;
			productRefGroup = 188B05671B4666E300B10426 /* Products */;
			projectDirPath = "";
			projectRoot = "";
			targets = (
				188B05651B4666E300B10426 /* QuadAnimationDemo */,
				188B057E1B4666E300B10426 /* QuadAnimationDemoTests */,
			);
		};
/* End PBXProject section */

/* Begin PBXResourcesBuildPhase section */
		188B05641B4666E300B10426 /* Resources */ = {
			isa = PBXResourcesBuildPhase;
			buildActionMask = 2147483647;
			files = (
				188B05751B4666E300B10426 /* Main.storyboard in Resources */,
				188B057A1B4666E300B10426 /* LaunchScreen.xib in Resources */,
				188B05771B4666E300B10426 /* Images.xcassets in Resources */,
			);
			runOnlyForDeploymentPostprocessing = 0;
		};
		188B057D1B4666E300B10426 /* Resources */ = {
			isa = PBXResourcesBuildPhase;
			buildActionMask = 2147483647;
			files = (
			);
			runOnlyForDeploymentPostprocessing = 0;
		};
/* End PBXResourcesBuildPhase section */

/* Begin PBXSourcesBuildPhase section */
		188B05621B4666E300B10426 /* Sources */ = {
			isa = PBXSourcesBuildPhase;
			buildActionMask = 2147483647;
			files = (
				188B05721B4666E300B10426 /* ViewController.m in Sources */,
				188B056F1B4666E300B10426 /* AppDelegate.m in Sources */,
				188B056C1B4666E300B10426 /* main.m in Sources */,
			);
			runOnlyForDeploymentPostprocessing = 0;
		};
		188B057B1B4666E300B10426 /* Sources */ = {
			isa = PBXSourcesBuildPhase;
			buildActionMask = 2147483647;
			files = (
				188B05861B4666E300B10426 /* QuadAnimationDemoTests.m in Sources */,
			);
			runOnlyForDeploymentPostprocessing = 0;
		};
/* End PBXSourcesBuildPhase section */

/* Begin PBXTargetDependency section */
		188B05811B4666E300B10426 /* PBXTargetDependency */ = {
			isa = PBXTargetDependency;
			target = 188B05651B4666E300B10426 /* QuadAnimationDemo */;
			targetProxy = 188B05801B4666E300B10426 /* PBXContainerItemProxy */;
		};
/* End PBXTargetDependency section */

/* Begin PBXVariantGroup section */
		188B05731B4666E300B10426 /* Main.storyboard */ = {
			isa = PBXVariantGroup;
			children = (
				188B05741B4666E300B10426 /* Base */,
			);
			name = Main.storyboard;
			sourceTree = "<group>";
		};
		188B05781B4666E300B10426 /* LaunchScreen.xib */ = {
			isa = PBXVariantGroup;
			children = (
				188B05791B4666E300B10426 /* Base */,
			);
			name = LaunchScreen.xib;
			sourceTree = "<group>";
		};
/* End PBXVariantGroup section */

/* Begin XCBuildConfiguration section */
		188B05871B4666E300B10426 /* Debug */ = {
			isa = XCBuildConfiguration;
			buildSettings = {
				ALWAYS_SEARCH_USER_PATHS = NO;
				CLANG_CXX_LANGUAGE_STANDARD = "gnu++0x";
				CLANG_CXX_LIBRARY = "libc++";
				CLANG_ENABLE_MODULES = YES;
				CLANG_ENABLE_OBJC_ARC = YES;
				CLANG_WARN_BOOL_CONVERSION = YES;
				CLANG_WARN_CONSTANT_CONVERSION = YES;
				CLANG_WARN_DIRECT_OBJC_ISA_USAGE = YES_ERROR;
				CLANG_WARN_EMPTY_BODY = YES;
				CLANG_WARN_ENUM_CONVERSION = YES;
				CLANG_WARN_INT_CONVERSION = YES;
				CLANG_WARN_OBJC_ROOT_CLASS = YES_ERROR;
				CLANG_WARN_UNREACHABLE_CODE = YES;
				CLANG_WARN__DUPLICATE_METHOD_MATCH = YES;
				"CODE_SIGN_IDENTITY[sdk=iphoneos*]" = "iPhone Developer";
				COPY_PHASE_STRIP = NO;
				DEBUG_INFORMATION_FORMAT = "dwarf-with-dsym";
				ENABLE_STRICT_OBJC_MSGSEND = YES;
				GCC_C_LANGUAGE_STANDARD = gnu99;
				GCC_DYNAMIC_NO_PIC = NO;
				GCC_NO_COMMON_BLOCKS = YES;
				GCC_OPTIMIZATION_LEVEL = 0;
				GCC_PREPROCESSOR_DEFINITIONS = (
					"DEBUG=1",
					"$(inherited)",
				);
				GCC_SYMBOLS_PRIVATE_EXTERN = NO;
				GCC_WARN_64_TO_32_BIT_CONVERSION = YES;
				GCC_WARN_ABOUT_RETURN_TYPE = YES_ERROR;
				GCC_WARN_UNDECLARED_SELECTOR = YES;
				GCC_WARN_UNINITIALIZED_AUTOS = YES_AGGRESSIVE;
				GCC_WARN_UNUSED_FUNCTION = YES;
				GCC_WARN_UNUSED_VARIABLE = YES;
				IPHONEOS_DEPLOYMENT_TARGET = 8.3;
				MTL_ENABLE_DEBUG_INFO = YES;
				ONLY_ACTIVE_ARCH = YES;
				SDKROOT = iphoneos;
			};
			name = Debug;
		};
		188B05881B4666E300B10426 /* Release */ = {
			isa = XCBuildConfiguration;
			buildSettings = {
				ALWAYS_SEARCH_USER_PATHS = NO;
				CLANG_CXX_LANGUAGE_STANDARD = "gnu++0x";
				CLANG_CXX_LIBRARY = "libc++";
				CLANG_ENABLE_MODULES = YES;
				CLANG_ENABLE_OBJC_ARC = YES;
				CLANG_WARN_BOOL_CONVERSION = YES;
				CLANG_WARN_CONSTANT_CONVERSION = YES;
				CLANG_WARN_DIRECT_OBJC_ISA_USAGE = YES_ERROR;
				CLANG_WARN_EMPTY_BODY = YES;
				CLANG_WARN_ENUM_CONVERSION = YES;
				CLANG_WARN_INT_CONVERSION = YES;
				CLANG_WARN_OBJC_ROOT_CLASS = YES_ERROR;
				CLANG_WARN_UNREACHABLE_CODE = YES;
				CLANG_WARN__DUPLICATE_METHOD_MATCH = YES;
				"CODE_SIGN_IDENTITY[sdk=iphoneos*]" = "iPhone Developer";
				COPY_PHASE_STRIP = NO;
				DEBUG_INFORMATION_FORMAT = "dwarf-with-dsym";
				ENABLE_NS_ASSERTIONS = NO;
				ENABLE_STRICT_OBJC_MSGSEND = YES;
				GCC_C_LANGUAGE_STANDARD = gnu99;
				GCC_NO_COMMON_BLOCKS = YES;
				GCC_WARN_64_TO_32_BIT_CONVERSION = YES;
				GCC_WARN_ABOUT_RETURN_TYPE = YES_ERROR;
				GCC_WARN_UNDECLARED_SELECTOR = YES;
				GCC_WARN_UNINITIALIZED_AUTOS = YES_AGGRESSIVE;
				GCC_WARN_UNUSED_FUNCTION = YES;
				GCC_WARN_UNUSED_VARIABLE = YES;
				IPHONEOS_DEPLOYMENT_TARGET = 8.3;
				MTL_ENABLE_DEBUG_INFO = NO;
				SDKROOT = iphoneos;
				VALIDATE_PRODUCT = YES;
			};
			name = Release;
		};
		188B058A1B4666E300B10426 /* Debug */ = {
			isa = XCBuildConfiguration;
			buildSettings = {
				ASSETCATALOG_COMPILER_APPICON_NAME = AppIcon;
				INFOPLIST_FILE = QuadAnimationDemo/Info.plist;
				LD_RUNPATH_SEARCH_PATHS = "$(inherited) @executable_path/Frameworks";
				PRODUCT_NAME = "$(TARGET_NAME)";
			};
			name = Debug;
		};
		188B058B1B4666E300B10426 /* Release */ = {
			isa = XCBuildConfiguration;
			buildSettings = {
				ASSETCATALOG_COMPILER_APPICON_NAME = AppIcon;
				INFOPLIST_FILE = QuadAnimationDemo/Info.plist;
				LD_RUNPATH_SEARCH_PATHS = "$(inherited) @executable_path/Frameworks";
				PRODUCT_NAME = "$(TARGET_NAME)";
			};
			name = Release;
		};
		188B058D1B4666E300B10426 /* Debug */ = {
			isa = XCBuildConfiguration;
			buildSettings = {
				BUNDLE_LOADER = "$(TEST_HOST)";
				FRAMEWORK_SEARCH_PATHS = (
					"$(SDKROOT)/Developer/Library/Frameworks",
					"$(inherited)",
				);
				GCC_PREPROCESSOR_DEFINITIONS = (
					"DEBUG=1",
					"$(inherited)",
				);
				INFOPLIST_FILE = QuadAnimationDemoTests/Info.plist;
				LD_RUNPATH_SEARCH_PATHS = "$(inherited) @executable_path/Frameworks @loader_path/Frameworks";
				PRODUCT_NAME = "$(TARGET_NAME)";
				TEST_HOST = "$(BUILT_PRODUCTS_DIR)/QuadAnimationDemo.app/QuadAnimationDemo";
			};
			name = Debug;
		};
		188B058E1B4666E300B10426 /* Release */ = {
			isa = XCBuildConfiguration;
			buildSettings = {
				BUNDLE_LOADER = "$(TEST_HOST)";
				FRAMEWORK_SEARCH_PATHS = (
					"$(SDKROOT)/Developer/Library/Frameworks",
					"$(inherited)",
				);
				INFOPLIST_FILE = QuadAnimationDemoTests/Info.plist;
				LD_RUNPATH_SEARCH_PATHS = "$(inherited) @executable_path/Frameworks @loader_path/Frameworks";
				PRODUCT_NAME = "$(TARGET_NAME)";
				TEST_HOST = "$(BUILT_PRODUCTS_DIR)/QuadAnimationDemo.app/QuadAnimationDemo";
			};
			name = Release;
		};
/* End XCBuildConfiguration section */

/* Begin XCConfigurationList section */
		188B05611B4666E300B10426 /* Build configuration list for PBXProject "QuadAnimationDemo" */ = {
			isa = XCConfigurationList;
			buildConfigurations = (
				188B05871B4666E300B10426 /* Debug */,
				188B05881B4666E300B10426 /* Release */,
			);
			defaultConfigurationIsVisible = 0;
			defaultConfigurationName = Release;
		};
		188B05891B4666E300B10426 /* Build configuration list for PBXNativeTarget "QuadAnimationDemo" */ = {
			isa = XCConfigurationList;
			buildConfigurations = (
				188B058A1B4666E300B10426 /* Debug */,
				188B058B1B4666E300B10426 /* Release */,
			);
			defaultConfigurationIsVisible = 0;
		};
		188B058C1B4666E300B10426 /* Build configuration list for PBXNativeTarget "QuadAnimationDemoTests" */ = {
			isa = XCConfigurationList;
			buildConfigurations = (
				188B058D1B4666E300B10426 /* Debug */,
				188B058E1B4666E300B10426 /* Release */,
			);
			defaultConfigurationIsVisible = 0;
		};
/* End XCConfigurationList section */
	};
	rootObject = 188B055E1B4666E300B10426 /* Project object */;
}
